
Microsoft Visual Studio Solution File, Format Version 12.00
# Visual Studio 14
VisualStudioVersion = 14.0.25420.1
MinimumVisualStudioVersion = 10.0.40219.1
Project("{FAE04EC0-301F-11D3-BF4B-00C04F79EFBC}") = "sinemaörneği", "sinemaörneği\sinemaörneği.csproj", "{598C1D2E-1A62-43E4-B13F-FA39930858BD}"
EndProject
Global
	GlobalSection(SolutionConfigurationPlatforms) = preSolution
		Debug|Any CPU = Debug|Any CPU
		Release|Any CPU = Release|Any CPU
	EndGlobalSection
	GlobalSection(ProjectConfigurationPlatforms) = postSolution
		{598C1D2E-1A62-43E4-B13F-FA39930858BD}.Debug|Any CPU.ActiveCfg = Debug|Any CPU
		{598C1D2E-1A62-43E4-B13F-FA39930858BD}.Debug|Any CPU.Build.0 = Debug|Any CPU
		{598C1D2E-1A62-43E4-B13F-FA39930858BD}.Release|Any CPU.ActiveCfg = Release|Any CPU
		{598C1D2E-1A62-43E4-B13F-FA39930858BD}.Release|Any CPU.Build.0 = Release|Any CPU
	EndGlobalSection
	GlobalSection(SolutionProperties) = preSolution
		HideSolutionNode = FALSE
	EndGlobalSection
EndGlobal
